{
  "object": {
    "pins": [
      {
        "package": "CUIExpandableButton",
        "repositoryURL": "https://github.com/robhasacamera/CUIExpandableButton.git",
        "state": {
          "branch": null,
          "revision": "e209306064df62e5fe15e52ac4dd9a1f37cdda73",
          "version": "0.14.0"
        }
      },
      {
        "package": "CUIPreviewKit",
        "repositoryURL": "https://github.com/robhasacamera/CUIPreviewKit.git",
        "state": {
          "branch": null,
          "revision": "29e38bf9008919c63e15c84637612e80a47bd62a",
          "version": "0.1.2"
        }
      },
      {
        "package": "CUISeparator",
        "repositoryURL": "https://github.com/robhasacamera/CUISeparator.git",
        "state": {
          "branch": null,
          "revision": "0dfe344d5bb9afb9dea1e0974995e693001cd569",
          "version": "0.3.1"
        }
      }
    ]
  },
  "version": 1
}
